
Microsoft Visual Studio Solution File, Format Version 12.00
# Visual Studio Version 17
VisualStudioVersion = 17.11.35327.3
MinimumVisualStudioVersion = 10.0.40219.1
Project("{FAE04EC0-301F-11D3-BF4B-00C04F79EFBC}") = "BlazorAgGridDemo", "BlazorAgGridDemo\BlazorAgGridDemo.csproj", "{28671769-DD95-4977-9EA7-7A09CACAEC07}"
EndProject
Project("{FAE04EC0-301F-11D3-BF4B-00C04F79EFBC}") = "BlazorAgGridDemo.Client", "BlazorAgGridDemo.Client\BlazorAgGridDemo.Client.csproj", "{9546F97E-82FC-4ABE-9157-7648D632BC4A}"
EndProject
Global
	GlobalSection(SolutionConfigurationPlatforms) = preSolution
		Debug|Any CPU = Debug|Any CPU
		Release|Any CPU = Release|Any CPU
	EndGlobalSection
	GlobalSection(ProjectConfigurationPlatforms) = postSolution
		{28671769-DD95-4977-9EA7-7A09CACAEC07}.Debug|Any CPU.ActiveCfg = Debug|Any CPU
		{28671769-DD95-4977-9EA7-7A09CACAEC07}.Debug|Any CPU.Build.0 = Debug|Any CPU
		{28671769-DD95-4977-9EA7-7A09CACAEC07}.Release|Any CPU.ActiveCfg = Release|Any CPU
		{28671769-DD95-4977-9EA7-7A09CACAEC07}.Release|Any CPU.Build.0 = Release|Any CPU
		{9546F97E-82FC-4ABE-9157-7648D632BC4A}.Debug|Any CPU.ActiveCfg = Debug|Any CPU
		{9546F97E-82FC-4ABE-9157-7648D632BC4A}.Debug|Any CPU.Build.0 = Debug|Any CPU
		{9546F97E-82FC-4ABE-9157-7648D632BC4A}.Release|Any CPU.ActiveCfg = Release|Any CPU
		{9546F97E-82FC-4ABE-9157-7648D632BC4A}.Release|Any CPU.Build.0 = Release|Any CPU
	EndGlobalSection
	GlobalSection(SolutionProperties) = preSolution
		HideSolutionNode = FALSE
	EndGlobalSection
	GlobalSection(ExtensibilityGlobals) = postSolution
		SolutionGuid = {5CCC55A6-9EC8-43C8-B968-4226A30D5BC3}
	EndGlobalSection
EndGlobal
